
Microsoft Visual Studio Solution File, Format Version 12.00
# Visual Studio Version 16
VisualStudioVersion = 16.0.29503.13
MinimumVisualStudioVersion = 10.0.40219.1
Project("{FAE04EC0-301F-11D3-BF4B-00C04F79EFBC}") = "Zoo_w57047", "Zoo_w57047.csproj", "{AC49413F-AF3A-4F0B-AE49-148A29F9A300}"
EndProject
Global
	GlobalSection(SolutionConfigurationPlatforms) = preSolution
		Debug|Any CPU = Debug|Any CPU
		Release|Any CPU = Release|Any CPU
	EndGlobalSection
	GlobalSection(ProjectConfigurationPlatforms) = postSolution
		{AC49413F-AF3A-4F0B-AE49-148A29F9A300}.Debug|Any CPU.ActiveCfg = Debug|Any CPU
		{AC49413F-AF3A-4F0B-AE49-148A29F9A300}.Debug|Any CPU.Build.0 = Debug|Any CPU
		{AC49413F-AF3A-4F0B-AE49-148A29F9A300}.Release|Any CPU.ActiveCfg = Release|Any CPU
		{AC49413F-AF3A-4F0B-AE49-148A29F9A300}.Release|Any CPU.Build.0 = Release|Any CPU
	EndGlobalSection
	GlobalSection(SolutionProperties) = preSolution
		HideSolutionNode = FALSE
	EndGlobalSection
	GlobalSection(ExtensibilityGlobals) = postSolution
		SolutionGuid = {CF6C5B1E-AE55-4D1C-B3C5-0B62E468D506}
	EndGlobalSection
EndGlobal
